
Microsoft Visual Studio Solution File, Format Version 12.00
# Visual Studio Version 17
VisualStudioVersion = 17.4.33403.182
MinimumVisualStudioVersion = 10.0.40219.1
Project("{FAE04EC0-301F-11D3-BF4B-00C04F79EFBC}") = "DemoAPI", "DemoAPI.csproj", "{34683A66-61BA-4A5F-982E-E390FCF80B85}"
EndProject
Global
	GlobalSection(SolutionConfigurationPlatforms) = preSolution
		Debug|Any CPU = Debug|Any CPU
		Release|Any CPU = Release|Any CPU
	EndGlobalSection
	GlobalSection(ProjectConfigurationPlatforms) = postSolution
		{34683A66-61BA-4A5F-982E-E390FCF80B85}.Debug|Any CPU.ActiveCfg = Debug|Any CPU
		{34683A66-61BA-4A5F-982E-E390FCF80B85}.Debug|Any CPU.Build.0 = Debug|Any CPU
		{34683A66-61BA-4A5F-982E-E390FCF80B85}.Release|Any CPU.ActiveCfg = Release|Any CPU
		{34683A66-61BA-4A5F-982E-E390FCF80B85}.Release|Any CPU.Build.0 = Release|Any CPU
	EndGlobalSection
	GlobalSection(SolutionProperties) = preSolution
		HideSolutionNode = FALSE
	EndGlobalSection
	GlobalSection(ExtensibilityGlobals) = postSolution
		SolutionGuid = {3F9B06C4-A7A6-41D0-8C4C-FFADF4A9C6F9}
	EndGlobalSection
EndGlobal
